{
  "nodes": {
    "nixpkgs": {
      "locked": {
        "lastModified": 1693535723,
        "narHash": "sha256-ERFGB4HsvW4MASfaiYa5KDpaMc6US4FgK5KAYROCsbg=",
        "owner": "NixOS",
        "repo": "nixpkgs",
        "rev": "76ae447f06e8be22c1adba3d979bcf5a3b7b14b9",
        "type": "github"
      },
      "original": {
        "owner": "NixOS",
        "repo": "nixpkgs",
        "type": "github"
      }
    },
    "root": {
      "inputs": {
        "nixpkgs": "nixpkgs"
      }
    }
  },
  "root": "root",
  "version": 7
}
