{
  "nodes": {
    "nixpkgs": {
      "locked": {
        "lastModified": 1695669266,
        "narHash": "sha256-QrCnbAcP9DtchKYaEC5LMpOBlpp2gBxua2626g3W41Q=",
        "owner": "NixOS",
        "repo": "nixpkgs",
        "rev": "7e5e43ef91a3828f92f8dd149d9af6521d0c736b",
        "type": "github"
      },
      "original": {
        "owner": "NixOS",
        "repo": "nixpkgs",
        "type": "github"
      }
    },
    "root": {
      "inputs": {
        "nixpkgs": "nixpkgs"
      }
    }
  },
  "root": "root",
  "version": 7
}
